
Microsoft Visual Studio Solution File, Format Version 12.00
# Visual Studio Version 17
VisualStudioVersion = 17.8.34408.163
MinimumVisualStudioVersion = 10.0.40219.1
Project("{00D1A9C2-B5F0-4AF3-8072-F6C62B433612}") = "DB-Projet-Cinema", "DB-Projet-Cinema\DB-Projet-Cinema.sqlproj", "{AC3D73B9-2DE3-4E84-B32A-55834D334537}"
EndProject
Project("{9A19103F-16F7-4668-BE54-9A1E7A4F7556}") = "Console-DEV", "Console-DEV\Console-DEV.csproj", "{2B6A3E2C-A619-4461-8B80-3FC169A408F6}"
EndProject
Project("{9A19103F-16F7-4668-BE54-9A1E7A4F7556}") = "Shared-Projet-Cinema", "Shared-Projet-Cinema\Shared-Projet-Cinema.csproj", "{25CDE2A2-7359-4926-AEF4-817956FC7368}"
EndProject
Project("{2150E333-8FDC-42A3-9474-1A3956D46DE8}") = "ASP", "ASP", "{572585F2-DBDE-497E-B6F7-3D1B0587522C}"
EndProject
Project("{2150E333-8FDC-42A3-9474-1A3956D46DE8}") = "DB", "DB", "{060ECD64-2178-41EB-B891-9007A4BA5D2C}"
EndProject
Project("{9A19103F-16F7-4668-BE54-9A1E7A4F7556}") = "DAL-Projet-Cinema", "DAL-Projet-Cinema\DAL-Projet-Cinema.csproj", "{30FF9B67-A7A8-4B62-B518-5A8C18781ADA}"
EndProject
Project("{9A19103F-16F7-4668-BE54-9A1E7A4F7556}") = "BLL-Projet-Cinema", "BLL-Projet-Cinema\BLL-Projet-Cinema.csproj", "{088094A4-39DB-4E81-960E-52DA6DF6DD42}"
EndProject
Project("{9A19103F-16F7-4668-BE54-9A1E7A4F7556}") = "ASP-Projet-Cinema", "ASP-Projet-Cinema\ASP-Projet-Cinema.csproj", "{D0F662B0-C5AB-48D6-B7BA-22E57D48300C}"
EndProject
Global
	GlobalSection(SolutionConfigurationPlatforms) = preSolution
		Debug|Any CPU = Debug|Any CPU
		Release|Any CPU = Release|Any CPU
	EndGlobalSection
	GlobalSection(ProjectConfigurationPlatforms) = postSolution
		{AC3D73B9-2DE3-4E84-B32A-55834D334537}.Debug|Any CPU.ActiveCfg = Debug|Any CPU
		{AC3D73B9-2DE3-4E84-B32A-55834D334537}.Debug|Any CPU.Build.0 = Debug|Any CPU
		{AC3D73B9-2DE3-4E84-B32A-55834D334537}.Debug|Any CPU.Deploy.0 = Debug|Any CPU
		{AC3D73B9-2DE3-4E84-B32A-55834D334537}.Release|Any CPU.ActiveCfg = Release|Any CPU
		{AC3D73B9-2DE3-4E84-B32A-55834D334537}.Release|Any CPU.Build.0 = Release|Any CPU
		{AC3D73B9-2DE3-4E84-B32A-55834D334537}.Release|Any CPU.Deploy.0 = Release|Any CPU
		{2B6A3E2C-A619-4461-8B80-3FC169A408F6}.Debug|Any CPU.ActiveCfg = Debug|Any CPU
		{2B6A3E2C-A619-4461-8B80-3FC169A408F6}.Debug|Any CPU.Build.0 = Debug|Any CPU
		{2B6A3E2C-A619-4461-8B80-3FC169A408F6}.Release|Any CPU.ActiveCfg = Release|Any CPU
		{2B6A3E2C-A619-4461-8B80-3FC169A408F6}.Release|Any CPU.Build.0 = Release|Any CPU
		{25CDE2A2-7359-4926-AEF4-817956FC7368}.Debug|Any CPU.ActiveCfg = Debug|Any CPU
		{25CDE2A2-7359-4926-AEF4-817956FC7368}.Debug|Any CPU.Build.0 = Debug|Any CPU
		{25CDE2A2-7359-4926-AEF4-817956FC7368}.Release|Any CPU.ActiveCfg = Release|Any CPU
		{25CDE2A2-7359-4926-AEF4-817956FC7368}.Release|Any CPU.Build.0 = Release|Any CPU
		{30FF9B67-A7A8-4B62-B518-5A8C18781ADA}.Debug|Any CPU.ActiveCfg = Debug|Any CPU
		{30FF9B67-A7A8-4B62-B518-5A8C18781ADA}.Debug|Any CPU.Build.0 = Debug|Any CPU
		{30FF9B67-A7A8-4B62-B518-5A8C18781ADA}.Release|Any CPU.ActiveCfg = Release|Any CPU
		{30FF9B67-A7A8-4B62-B518-5A8C18781ADA}.Release|Any CPU.Build.0 = Release|Any CPU
		{088094A4-39DB-4E81-960E-52DA6DF6DD42}.Debug|Any CPU.ActiveCfg = Debug|Any CPU
		{088094A4-39DB-4E81-960E-52DA6DF6DD42}.Debug|Any CPU.Build.0 = Debug|Any CPU
		{088094A4-39DB-4E81-960E-52DA6DF6DD42}.Release|Any CPU.ActiveCfg = Release|Any CPU
		{088094A4-39DB-4E81-960E-52DA6DF6DD42}.Release|Any CPU.Build.0 = Release|Any CPU
		{D0F662B0-C5AB-48D6-B7BA-22E57D48300C}.Debug|Any CPU.ActiveCfg = Debug|Any CPU
		{D0F662B0-C5AB-48D6-B7BA-22E57D48300C}.Debug|Any CPU.Build.0 = Debug|Any CPU
		{D0F662B0-C5AB-48D6-B7BA-22E57D48300C}.Release|Any CPU.ActiveCfg = Release|Any CPU
		{D0F662B0-C5AB-48D6-B7BA-22E57D48300C}.Release|Any CPU.Build.0 = Release|Any CPU
	EndGlobalSection
	GlobalSection(SolutionProperties) = preSolution
		HideSolutionNode = FALSE
	EndGlobalSection
	GlobalSection(NestedProjects) = preSolution
		{AC3D73B9-2DE3-4E84-B32A-55834D334537} = {060ECD64-2178-41EB-B891-9007A4BA5D2C}
		{25CDE2A2-7359-4926-AEF4-817956FC7368} = {572585F2-DBDE-497E-B6F7-3D1B0587522C}
		{30FF9B67-A7A8-4B62-B518-5A8C18781ADA} = {572585F2-DBDE-497E-B6F7-3D1B0587522C}
		{088094A4-39DB-4E81-960E-52DA6DF6DD42} = {572585F2-DBDE-497E-B6F7-3D1B0587522C}
		{D0F662B0-C5AB-48D6-B7BA-22E57D48300C} = {572585F2-DBDE-497E-B6F7-3D1B0587522C}
	EndGlobalSection
	GlobalSection(ExtensibilityGlobals) = postSolution
		SolutionGuid = {5F6E5E14-3DE6-47D5-B21A-4786F9EC7B5B}
	EndGlobalSection
EndGlobal
